{
  "name": "wacky-chat-bot",
  "lockfileVersion": 3,
  "requires": true,
  "packages": {
    "": {
      "dependencies": {
        "discourse-js": "^3.0.6"
      }
    },
    "node_modules/@types/humps": {
      "version": "2.0.2",
      "resolved": "https://registry.npmjs.org/@types/humps/-/humps-2.0.2.tgz",
      "integrity": "sha512-FuyQoVNSW6mjSLxLVRq8YK1pi8P5zyL2pahEuCtMqlbmV4jyWYITz4eE2fZIErNovIfKU32tPbCl44VbOUaEiw=="
    },
    "node_modules/discourse-js": {
      "version": "3.0.6",
      "resolved": "https://registry.npmjs.org/discourse-js/-/discourse-js-3.0.6.tgz",
      "integrity": "sha512-VQ4fxWo5+tDtUHjgWJWr6bTDaKsgo3z4X2pPP5Y8x6KPTyNjRapFIsgVNIDWf3Ifx2PGM3SKJGd+wGhTlqhNGg==",
      "dependencies": {
        "@types/humps": "^2.0.0",
        "humps": "^2.0.1"
      }
    },
    "node_modules/humps": {
      "version": "2.0.1",
      "resolved": "https://registry.npmjs.org/humps/-/humps-2.0.1.tgz",
      "integrity": "sha512-E0eIbrFWUhwfXJmsbdjRQFQPrl5pTEoKlz163j1mTqqUnU9PgR4AgB8AIITzuB3vLBdxZXyZ9TDIrwB2OASz4g=="
    }
  }
}
